
Microsoft Visual Studio Solution File, Format Version 10.00
# Visual Studio 2008
Project("{FAE04EC0-301F-11D3-BF4B-00C04F79EFBC}") = "Nakamar", "Nakamar\Nakamar.csproj", "{55CC75A6-9C4A-4D62-99B1-DC84FF4A82FC}"
	ProjectSection(ProjectDependencies) = postProject
		{4A688F33-BA30-477B-A651-5918C1603D2F} = {4A688F33-BA30-477B-A651-5918C1603D2F}
	EndProjectSection
EndProject
Project("{FAE04EC0-301F-11D3-BF4B-00C04F79EFBC}") = "BlackMagic", "BlackMagic\BlackMagic.csproj", "{79FD54B0-DEAB-459F-83B9-F1CED68D288B}"
EndProject
Project("{FAE04EC0-301F-11D3-BF4B-00C04F79EFBC}") = "BlackMagicTest", "BlackMagicTest\BlackMagicTest.csproj", "{4C938210-4D82-48A1-9A0C-7432C3426073}"
EndProject
Project("{FAE04EC0-301F-11D3-BF4B-00C04F79EFBC}") = "WMemory", "WMemory\WMemory.csproj", "{6E806492-5FFE-4C3C-BF20-22277FAED955}"
EndProject
Project("{FAE04EC0-301F-11D3-BF4B-00C04F79EFBC}") = "FiniteStateMachine", "FiniteStateMachine\FiniteStateMachine.csproj", "{78DF6A81-A7AC-44DF-8F8F-278E0D119903}"
EndProject
Project("{FAE04EC0-301F-11D3-BF4B-00C04F79EFBC}") = "Util", "Logger\Util.csproj", "{E32AF2D3-E685-4C46-B0FA-84EA7E0F819A}"
EndProject
Project("{2150E333-8FDC-42A3-9474-1A3956D46DE8}") = "Binaries", "Binaries", "{7BB8E694-86A2-4447-8BDE-79421B030684}"
	ProjectSection(SolutionItems) = preProject
		Binaries\fasmdll_managed.dll = Binaries\fasmdll_managed.dll
	EndProjectSection
EndProject
Project("{FAE04EC0-301F-11D3-BF4B-00C04F79EFBC}") = "NakamarStates", "NakamarStates\NakamarStates.csproj", "{4A688F33-BA30-477B-A651-5918C1603D2F}"
EndProject
Global
	GlobalSection(SolutionConfigurationPlatforms) = preSolution
		Debug|Any CPU = Debug|Any CPU
		Release|Any CPU = Release|Any CPU
	EndGlobalSection
	GlobalSection(ProjectConfigurationPlatforms) = postSolution
		{55CC75A6-9C4A-4D62-99B1-DC84FF4A82FC}.Debug|Any CPU.ActiveCfg = Debug|Any CPU
		{55CC75A6-9C4A-4D62-99B1-DC84FF4A82FC}.Debug|Any CPU.Build.0 = Debug|Any CPU
		{55CC75A6-9C4A-4D62-99B1-DC84FF4A82FC}.Release|Any CPU.ActiveCfg = Release|Any CPU
		{55CC75A6-9C4A-4D62-99B1-DC84FF4A82FC}.Release|Any CPU.Build.0 = Release|Any CPU
		{79FD54B0-DEAB-459F-83B9-F1CED68D288B}.Debug|Any CPU.ActiveCfg = Debug|Any CPU
		{79FD54B0-DEAB-459F-83B9-F1CED68D288B}.Debug|Any CPU.Build.0 = Debug|Any CPU
		{79FD54B0-DEAB-459F-83B9-F1CED68D288B}.Release|Any CPU.ActiveCfg = Release|Any CPU
		{79FD54B0-DEAB-459F-83B9-F1CED68D288B}.Release|Any CPU.Build.0 = Release|Any CPU
		{4C938210-4D82-48A1-9A0C-7432C3426073}.Debug|Any CPU.ActiveCfg = Debug|Any CPU
		{4C938210-4D82-48A1-9A0C-7432C3426073}.Debug|Any CPU.Build.0 = Debug|Any CPU
		{4C938210-4D82-48A1-9A0C-7432C3426073}.Release|Any CPU.ActiveCfg = Release|Any CPU
		{4C938210-4D82-48A1-9A0C-7432C3426073}.Release|Any CPU.Build.0 = Release|Any CPU
		{6E806492-5FFE-4C3C-BF20-22277FAED955}.Debug|Any CPU.ActiveCfg = Debug|Any CPU
		{6E806492-5FFE-4C3C-BF20-22277FAED955}.Debug|Any CPU.Build.0 = Debug|Any CPU
		{6E806492-5FFE-4C3C-BF20-22277FAED955}.Release|Any CPU.ActiveCfg = Release|Any CPU
		{6E806492-5FFE-4C3C-BF20-22277FAED955}.Release|Any CPU.Build.0 = Release|Any CPU
		{78DF6A81-A7AC-44DF-8F8F-278E0D119903}.Debug|Any CPU.ActiveCfg = Debug|Any CPU
		{78DF6A81-A7AC-44DF-8F8F-278E0D119903}.Debug|Any CPU.Build.0 = Debug|Any CPU
		{78DF6A81-A7AC-44DF-8F8F-278E0D119903}.Release|Any CPU.ActiveCfg = Release|Any CPU
		{78DF6A81-A7AC-44DF-8F8F-278E0D119903}.Release|Any CPU.Build.0 = Release|Any CPU
		{E32AF2D3-E685-4C46-B0FA-84EA7E0F819A}.Debug|Any CPU.ActiveCfg = Debug|Any CPU
		{E32AF2D3-E685-4C46-B0FA-84EA7E0F819A}.Debug|Any CPU.Build.0 = Debug|Any CPU
		{E32AF2D3-E685-4C46-B0FA-84EA7E0F819A}.Release|Any CPU.ActiveCfg = Release|Any CPU
		{E32AF2D3-E685-4C46-B0FA-84EA7E0F819A}.Release|Any CPU.Build.0 = Release|Any CPU
		{4A688F33-BA30-477B-A651-5918C1603D2F}.Debug|Any CPU.ActiveCfg = Debug|Any CPU
		{4A688F33-BA30-477B-A651-5918C1603D2F}.Debug|Any CPU.Build.0 = Debug|Any CPU
		{4A688F33-BA30-477B-A651-5918C1603D2F}.Release|Any CPU.ActiveCfg = Release|Any CPU
		{4A688F33-BA30-477B-A651-5918C1603D2F}.Release|Any CPU.Build.0 = Release|Any CPU
	EndGlobalSection
	GlobalSection(SolutionProperties) = preSolution
		HideSolutionNode = FALSE
	EndGlobalSection
EndGlobal
