
Microsoft Visual Studio Solution File, Format Version 10.00
# Visual Studio 2008
Project("{8BC9CEB8-8B4A-11D0-8D11-00A0C91BC942}") = "day4", "day4\day4.vcproj", "{4769A636-96BA-4E6C-965E-06F753A2CF5D}"
EndProject
Global
	GlobalSection(SolutionConfigurationPlatforms) = preSolution
		Debug|Win32 = Debug|Win32
		Release|Win32 = Release|Win32
	EndGlobalSection
	GlobalSection(ProjectConfigurationPlatforms) = postSolution
		{4769A636-96BA-4E6C-965E-06F753A2CF5D}.Debug|Win32.ActiveCfg = Debug|Win32
		{4769A636-96BA-4E6C-965E-06F753A2CF5D}.Debug|Win32.Build.0 = Debug|Win32
		{4769A636-96BA-4E6C-965E-06F753A2CF5D}.Release|Win32.ActiveCfg = Release|Win32
		{4769A636-96BA-4E6C-965E-06F753A2CF5D}.Release|Win32.Build.0 = Release|Win32
	EndGlobalSection
	GlobalSection(SolutionProperties) = preSolution
		HideSolutionNode = FALSE
	EndGlobalSection
EndGlobal
