
Microsoft Visual Studio Solution File, Format Version 10.00
# Visual Studio 2008
Project("{8BC9CEB8-8B4A-11D0-8D11-00A0C91BC942}") = "removeunusedcode", "removeunusedcode.vcproj", "{D78774CD-5AE8-4105-88D6-2174CC4A2F48}"
EndProject
Global
	GlobalSection(SolutionConfigurationPlatforms) = preSolution
		Debug|Win32 = Debug|Win32
		Release|Win32 = Release|Win32
	EndGlobalSection
	GlobalSection(ProjectConfigurationPlatforms) = postSolution
		{D78774CD-5AE8-4105-88D6-2174CC4A2F48}.Debug|Win32.ActiveCfg = Debug|Win32
		{D78774CD-5AE8-4105-88D6-2174CC4A2F48}.Debug|Win32.Build.0 = Debug|Win32
		{D78774CD-5AE8-4105-88D6-2174CC4A2F48}.Release|Win32.ActiveCfg = Release|Win32
		{D78774CD-5AE8-4105-88D6-2174CC4A2F48}.Release|Win32.Build.0 = Release|Win32
	EndGlobalSection
	GlobalSection(SolutionProperties) = preSolution
		HideSolutionNode = FALSE
	EndGlobalSection
EndGlobal
