
Microsoft Visual Studio Solution File, Format Version 10.00
# Visual Studio 2008
Project("{8BC9CEB8-8B4A-11D0-8D11-00A0C91BC942}") = "Day7", "Day7\Day7.vcproj", "{D367AED9-AE7F-4890-B711-DB1C97DB37BA}"
EndProject
Global
	GlobalSection(SolutionConfigurationPlatforms) = preSolution
		Debug|Win32 = Debug|Win32
		Release|Win32 = Release|Win32
	EndGlobalSection
	GlobalSection(ProjectConfigurationPlatforms) = postSolution
		{D367AED9-AE7F-4890-B711-DB1C97DB37BA}.Debug|Win32.ActiveCfg = Debug|Win32
		{D367AED9-AE7F-4890-B711-DB1C97DB37BA}.Debug|Win32.Build.0 = Debug|Win32
		{D367AED9-AE7F-4890-B711-DB1C97DB37BA}.Release|Win32.ActiveCfg = Release|Win32
		{D367AED9-AE7F-4890-B711-DB1C97DB37BA}.Release|Win32.Build.0 = Release|Win32
	EndGlobalSection
	GlobalSection(SolutionProperties) = preSolution
		HideSolutionNode = FALSE
	EndGlobalSection
EndGlobal
