
Microsoft Visual Studio Solution File, Format Version 10.00
# Visual Studio 2008
Project("{8BC9CEB8-8B4A-11D0-8D11-00A0C91BC942}") = "Test2", "Test2\Test2.vcproj", "{4D9CEFAF-9742-4A86-BC5C-5C2B9651AE33}"
EndProject
Global
	GlobalSection(SolutionConfigurationPlatforms) = preSolution
		Debug|Win32 = Debug|Win32
		Release|Win32 = Release|Win32
	EndGlobalSection
	GlobalSection(ProjectConfigurationPlatforms) = postSolution
		{4D9CEFAF-9742-4A86-BC5C-5C2B9651AE33}.Debug|Win32.ActiveCfg = Debug|Win32
		{4D9CEFAF-9742-4A86-BC5C-5C2B9651AE33}.Debug|Win32.Build.0 = Debug|Win32
		{4D9CEFAF-9742-4A86-BC5C-5C2B9651AE33}.Release|Win32.ActiveCfg = Release|Win32
		{4D9CEFAF-9742-4A86-BC5C-5C2B9651AE33}.Release|Win32.Build.0 = Release|Win32
	EndGlobalSection
	GlobalSection(SolutionProperties) = preSolution
		HideSolutionNode = FALSE
	EndGlobalSection
EndGlobal
